// !$*UTF8*$!
{
	archiveVersion = 1;
	classes = {
	};
	objectVersion = 50;
	objects = {

/* Begin PBXBuildFile section */
		0529D6E922206E3B00EA4A49 /* Config.swift in Sources */ = {isa = PBXBuildFile; fileRef = 0529D6E822206E3B00EA4A49 /* Config.swift */; };
		0529D6EC22206F5300EA4A49 /* Weather.swift in Sources */ = {isa = PBXBuildFile; fileRef = 0529D6EB22206F5300EA4A49 /* Weather.swift */; };
		0529D6F02220754400EA4A49 /* DateExtension.swift in Sources */ = {isa = PBXBuildFile; fileRef = 0529D6EF2220754400EA4A49 /* DateExtension.swift */; };
		0529D6F32221F6D400EA4A49 /* APIManager.swift in Sources */ = {isa = PBXBuildFile; fileRef = 0529D6F22221F6D400EA4A49 /* APIManager.swift */; };
		0529D6F62221FAC800EA4A49 /* WeatherResponse.swift in Sources */ = {isa = PBXBuildFile; fileRef = 0529D6F52221FAC800EA4A49 /* WeatherResponse.swift */; };
		0529D6F82222016B00EA4A49 /* Utils.swift in Sources */ = {isa = PBXBuildFile; fileRef = 0529D6F72222016B00EA4A49 /* Utils.swift */; };
		0529D6FA2222020B00EA4A49 /* APIHelper.swift in Sources */ = {isa = PBXBuildFile; fileRef = 0529D6F92222020B00EA4A49 /* APIHelper.swift */; };
		0529D6FD2223372C00EA4A49 /* PageViewController.swift in Sources */ = {isa = PBXBuildFile; fileRef = 0529D6FC2223372C00EA4A49 /* PageViewController.swift */; };
		0529D7002223527600EA4A49 /* weathericons-regular-webfont.ttf in Resources */ = {isa = PBXBuildFile; fileRef = 0529D6FF2223527600EA4A49 /* weathericons-regular-webfont.ttf */; };
		0529D704222358C600EA4A49 /* ForecastCollectionViewCell.swift in Sources */ = {isa = PBXBuildFile; fileRef = 0529D702222358C600EA4A49 /* ForecastCollectionViewCell.swift */; };
		0529D705222358C600EA4A49 /* ForecastCollectionViewCell.xib in Resources */ = {isa = PBXBuildFile; fileRef = 0529D703222358C600EA4A49 /* ForecastCollectionViewCell.xib */; };
		0529D70922236D1700EA4A49 /* InfoTableViewCell.swift in Sources */ = {isa = PBXBuildFile; fileRef = 0529D70722236D1700EA4A49 /* InfoTableViewCell.swift */; };
		0529D70A22236D1700EA4A49 /* InfoTableViewCell.xib in Resources */ = {isa = PBXBuildFile; fileRef = 0529D70822236D1700EA4A49 /* InfoTableViewCell.xib */; };
		055DC38622206BF500C9F916 /* AppDelegate.swift in Sources */ = {isa = PBXBuildFile; fileRef = 055DC38522206BF500C9F916 /* AppDelegate.swift */; };
		055DC38822206BF500C9F916 /* WeatherVC.swift in Sources */ = {isa = PBXBuildFile; fileRef = 055DC38722206BF500C9F916 /* WeatherVC.swift */; };
		055DC38B22206BF500C9F916 /* Main.storyboard in Resources */ = {isa = PBXBuildFile; fileRef = 055DC38922206BF500C9F916 /* Main.storyboard */; };
		055DC38D22206BF600C9F916 /* Assets.xcassets in Resources */ = {isa = PBXBuildFile; fileRef = 055DC38C22206BF600C9F916 /* Assets.xcassets */; };
		055DC39022206BF600C9F916 /* LaunchScreen.storyboard in Resources */ = {isa = PBXBuildFile; fileRef = 055DC38E22206BF600C9F916 /* LaunchScreen.storyboard */; };
		055DC39922206CB800C9F916 /* Config.plist in Resources */ = {isa = PBXBuildFile; fileRef = 055DC39822206CB800C9F916 /* Config.plist */; };
		B25EC64F2F1086A6FF6F1A43 /* Pods_WA.framework in Frameworks */ = {isa = PBXBuildFile; fileRef = 0F19BC1763C505C52860BA5C /* Pods_WA.framework */; };
/* End PBXBuildFile section */

/* Begin PBXFileReference section */
		0529D6E822206E3B00EA4A49 /* Config.swift */ = {isa = PBXFileReference; lastKnownFileType = sourcecode.swift; path = Config.swift; sourceTree = "<group>"; };
		0529D6EB22206F5300EA4A49 /* Weather.swift */ = {isa = PBXFileReference; lastKnownFileType = sourcecode.swift; path = Weather.swift; sourceTree = "<group>"; };
		0529D6EF2220754400EA4A49 /* DateExtension.swift */ = {isa = PBXFileReference; lastKnownFileType = sourcecode.swift; path = DateExtension.swift; sourceTree = "<group>"; };
		0529D6F22221F6D400EA4A49 /* APIManager.swift */ = {isa = PBXFileReference; lastKnownFileType = sourcecode.swift; path = APIManager.swift; sourceTree = "<group>"; };
		0529D6F52221FAC800EA4A49 /* WeatherResponse.swift */ = {isa = PBXFileReference; lastKnownFileType = sourcecode.swift; path = WeatherResponse.swift; sourceTree = "<group>"; };
		0529D6F72222016B00EA4A49 /* Utils.swift */ = {isa = PBXFileReference; lastKnownFileType = sourcecode.swift; path = Utils.swift; sourceTree = "<group>"; };
		0529D6F92222020B00EA4A49 /* APIHelper.swift */ = {isa = PBXFileReference; lastKnownFileType = sourcecode.swift; path = APIHelper.swift; sourceTree = "<group>"; };
		0529D6FC2223372C00EA4A49 /* PageViewController.swift */ = {isa = PBXFileReference; lastKnownFileType = sourcecode.swift; path = PageViewController.swift; sourceTree = "<group>"; };
		0529D6FF2223527600EA4A49 /* weathericons-regular-webfont.ttf */ = {isa = PBXFileReference; lastKnownFileType = file; path = "weathericons-regular-webfont.ttf"; sourceTree = "<group>"; };
		0529D702222358C600EA4A49 /* ForecastCollectionViewCell.swift */ = {isa = PBXFileReference; lastKnownFileType = sourcecode.swift; path = ForecastCollectionViewCell.swift; sourceTree = "<group>"; };
		0529D703222358C600EA4A49 /* ForecastCollectionViewCell.xib */ = {isa = PBXFileReference; lastKnownFileType = file.xib; path = ForecastCollectionViewCell.xib; sourceTree = "<group>"; };
		0529D70722236D1700EA4A49 /* InfoTableViewCell.swift */ = {isa = PBXFileReference; lastKnownFileType = sourcecode.swift; path = InfoTableViewCell.swift; sourceTree = "<group>"; };
		0529D70822236D1700EA4A49 /* InfoTableViewCell.xib */ = {isa = PBXFileReference; lastKnownFileType = file.xib; path = InfoTableViewCell.xib; sourceTree = "<group>"; };
		055DC38222206BF500C9F916 /* WA.app */ = {isa = PBXFileReference; explicitFileType = wrapper.application; includeInIndex = 0; path = WA.app; sourceTree = BUILT_PRODUCTS_DIR; };
		055DC38522206BF500C9F916 /* AppDelegate.swift */ = {isa = PBXFileReference; lastKnownFileType = sourcecode.swift; path = AppDelegate.swift; sourceTree = "<group>"; };
		055DC38722206BF500C9F916 /* WeatherVC.swift */ = {isa = PBXFileReference; lastKnownFileType = sourcecode.swift; path = WeatherVC.swift; sourceTree = "<group>"; };
		055DC38A22206BF500C9F916 /* Base */ = {isa = PBXFileReference; lastKnownFileType = file.storyboard; name = Base; path = Base.lproj/Main.storyboard; sourceTree = "<group>"; };
		055DC38C22206BF600C9F916 /* Assets.xcassets */ = {isa = PBXFileReference; lastKnownFileType = folder.assetcatalog; path = Assets.xcassets; sourceTree = "<group>"; };
		055DC38F22206BF600C9F916 /* Base */ = {isa = PBXFileReference; lastKnownFileType = file.storyboard; name = Base; path = Base.lproj/LaunchScreen.storyboard; sourceTree = "<group>"; };
		055DC39122206BF600C9F916 /* Info.plist */ = {isa = PBXFileReference; lastKnownFileType = text.plist.xml; path = Info.plist; sourceTree = "<group>"; };
		055DC39822206CB800C9F916 /* Config.plist */ = {isa = PBXFileReference; lastKnownFileType = text.plist.xml; path = Config.plist; sourceTree = "<group>"; };
		0F19BC1763C505C52860BA5C /* Pods_WA.framework */ = {isa = PBXFileReference; explicitFileType = wrapper.framework; includeInIndex = 0; path = Pods_WA.framework; sourceTree = BUILT_PRODUCTS_DIR; };
		7D8DD1DA7DB027DBC983FBA2 /* Pods-WA.release.xcconfig */ = {isa = PBXFileReference; includeInIndex = 1; lastKnownFileType = text.xcconfig; name = "Pods-WA.release.xcconfig"; path = "Pods/Target Support Files/Pods-WA/Pods-WA.release.xcconfig"; sourceTree = "<group>"; };
		CE0F444FBC5CA7B749233FCE /* Pods-WA.debug.xcconfig */ = {isa = PBXFileReference; includeInIndex = 1; lastKnownFileType = text.xcconfig; name = "Pods-WA.debug.xcconfig"; path = "Pods/Target Support Files/Pods-WA/Pods-WA.debug.xcconfig"; sourceTree = "<group>"; };
/* End PBXFileReference section */

/* Begin PBXFrameworksBuildPhase section */
		055DC37F22206BF500C9F916 /* Frameworks */ = {
			isa = PBXFrameworksBuildPhase;
			buildActionMask = 2147483647;
			files = (
				B25EC64F2F1086A6FF6F1A43 /* Pods_WA.framework in Frameworks */,
			);
			runOnlyForDeploymentPostprocessing = 0;
		};
/* End PBXFrameworksBuildPhase section */

/* Begin PBXGroup section */
		0529D6EA22206F2A00EA4A49 /* Model */ = {
			isa = PBXGroup;
			children = (
				0529D6F42221FAAB00EA4A49 /* Responses */,
				0529D6EB22206F5300EA4A49 /* Weather.swift */,
			);
			name = Model;
			sourceTree = "<group>";
		};
		0529D6EE2220753500EA4A49 /* Extensions */ = {
			isa = PBXGroup;
			children = (
				0529D6EF2220754400EA4A49 /* DateExtension.swift */,
			);
			name = Extensions;
			sourceTree = "<group>";
		};
		0529D6F12221F6BC00EA4A49 /* Utils */ = {
			isa = PBXGroup;
			children = (
				0529D6F22221F6D400EA4A49 /* APIManager.swift */,
				0529D6F72222016B00EA4A49 /* Utils.swift */,
				0529D6F92222020B00EA4A49 /* APIHelper.swift */,
			);
			name = Utils;
			sourceTree = "<group>";
		};
		0529D6F42221FAAB00EA4A49 /* Responses */ = {
			isa = PBXGroup;
			children = (
				0529D6F52221FAC800EA4A49 /* WeatherResponse.swift */,
			);
			name = Responses;
			sourceTree = "<group>";
		};
		0529D6FB222336E600EA4A49 /* UI */ = {
			isa = PBXGroup;
			children = (
				0529D701222358A700EA4A49 /* Cells */,
				0529D6FC2223372C00EA4A49 /* PageViewController.swift */,
				055DC38722206BF500C9F916 /* WeatherVC.swift */,
			);
			name = UI;
			sourceTree = "<group>";
		};
		0529D6FE2223524E00EA4A49 /* Fonts */ = {
			isa = PBXGroup;
			children = (
				0529D6FF2223527600EA4A49 /* weathericons-regular-webfont.ttf */,
			);
			name = Fonts;
			sourceTree = "<group>";
		};
		0529D701222358A700EA4A49 /* Cells */ = {
			isa = PBXGroup;
			children = (
				0529D706222358CE00EA4A49 /* Xibs */,
				0529D702222358C600EA4A49 /* ForecastCollectionViewCell.swift */,
				0529D70722236D1700EA4A49 /* InfoTableViewCell.swift */,
			);
			name = Cells;
			sourceTree = "<group>";
		};
		0529D706222358CE00EA4A49 /* Xibs */ = {
			isa = PBXGroup;
			children = (
				0529D70822236D1700EA4A49 /* InfoTableViewCell.xib */,
				0529D703222358C600EA4A49 /* ForecastCollectionViewCell.xib */,
			);
			name = Xibs;
			sourceTree = "<group>";
		};
		055DC37922206BF500C9F916 = {
			isa = PBXGroup;
			children = (
				055DC38422206BF500C9F916 /* WA */,
				055DC38322206BF500C9F916 /* Products */,
				1C9173D2E101E6339F1732FE /* Pods */,
				082009B6F3010A5CDC55DD19 /* Frameworks */,
			);
			sourceTree = "<group>";
		};
		055DC38322206BF500C9F916 /* Products */ = {
			isa = PBXGroup;
			children = (
				055DC38222206BF500C9F916 /* WA.app */,
			);
			name = Products;
			sourceTree = "<group>";
		};
		055DC38422206BF500C9F916 /* WA */ = {
			isa = PBXGroup;
			children = (
				0529D6FE2223524E00EA4A49 /* Fonts */,
				0529D6FB222336E600EA4A49 /* UI */,
				0529D6F12221F6BC00EA4A49 /* Utils */,
				0529D6EE2220753500EA4A49 /* Extensions */,
				0529D6EA22206F2A00EA4A49 /* Model */,
				055DC39722206C6A00C9F916 /* Config */,
				055DC38522206BF500C9F916 /* AppDelegate.swift */,
				055DC38922206BF500C9F916 /* Main.storyboard */,
				055DC38C22206BF600C9F916 /* Assets.xcassets */,
				055DC38E22206BF600C9F916 /* LaunchScreen.storyboard */,
				055DC39122206BF600C9F916 /* Info.plist */,
			);
			path = WA;
			sourceTree = "<group>";
		};
		055DC39722206C6A00C9F916 /* Config */ = {
			isa = PBXGroup;
			children = (
				055DC39822206CB800C9F916 /* Config.plist */,
				0529D6E822206E3B00EA4A49 /* Config.swift */,
			);
			name = Config;
			sourceTree = "<group>";
		};
		082009B6F3010A5CDC55DD19 /* Frameworks */ = {
			isa = PBXGroup;
			children = (
				0F19BC1763C505C52860BA5C /* Pods_WA.framework */,
			);
			name = Frameworks;
			sourceTree = "<group>";
		};
		1C9173D2E101E6339F1732FE /* Pods */ = {
			isa = PBXGroup;
			children = (
				CE0F444FBC5CA7B749233FCE /* Pods-WA.debug.xcconfig */,
				7D8DD1DA7DB027DBC983FBA2 /* Pods-WA.release.xcconfig */,
			);
			name = Pods;
			sourceTree = "<group>";
		};
/* End PBXGroup section */

/* Begin PBXNativeTarget section */
		055DC38122206BF500C9F916 /* WA */ = {
			isa = PBXNativeTarget;
			buildConfigurationList = 055DC39422206BF600C9F916 /* Build configuration list for PBXNativeTarget "WA" */;
			buildPhases = (
				1C5A9D16F3628190AEA83066 /* [CP] Check Pods Manifest.lock */,
				055DC37E22206BF500C9F916 /* Sources */,
				055DC37F22206BF500C9F916 /* Frameworks */,
				055DC38022206BF500C9F916 /* Resources */,
				BB99AE4A9DA7880A141D2D7B /* [CP] Embed Pods Frameworks */,
			);
			buildRules = (
			);
			dependencies = (
			);
			name = WA;
			productName = WA;
			productReference = 055DC38222206BF500C9F916 /* WA.app */;
			productType = "com.apple.product-type.application";
		};
/* End PBXNativeTarget section */

/* Begin PBXProject section */
		055DC37A22206BF500C9F916 /* Project object */ = {
			isa = PBXProject;
			attributes = {
				LastSwiftUpdateCheck = 1010;
				LastUpgradeCheck = 1010;
				ORGANIZATIONNAME = "Alfonso Mestre";
				TargetAttributes = {
					055DC38122206BF500C9F916 = {
						CreatedOnToolsVersion = 10.1;
					};
				};
			};
			buildConfigurationList = 055DC37D22206BF500C9F916 /* Build configuration list for PBXProject "WA" */;
			compatibilityVersion = "Xcode 9.3";
			developmentRegion = en;
			hasScannedForEncodings = 0;
			knownRegions = (
				en,
				Base,
			);
			mainGroup = 055DC37922206BF500C9F916;
			productRefGroup = 055DC38322206BF500C9F916 /* Products */;
			projectDirPath = "";
			projectRoot = "";
			targets = (
				055DC38122206BF500C9F916 /* WA */,
			);
		};
/* End PBXProject section */

/* Begin PBXResourcesBuildPhase section */
		055DC38022206BF500C9F916 /* Resources */ = {
			isa = PBXResourcesBuildPhase;
			buildActionMask = 2147483647;
			files = (
				055DC39922206CB800C9F916 /* Config.plist in Resources */,
				0529D705222358C600EA4A49 /* ForecastCollectionViewCell.xib in Resources */,
				0529D70A22236D1700EA4A49 /* InfoTableViewCell.xib in Resources */,
				055DC39022206BF600C9F916 /* LaunchScreen.storyboard in Resources */,
				055DC38D22206BF600C9F916 /* Assets.xcassets in Resources */,
				0529D7002223527600EA4A49 /* weathericons-regular-webfont.ttf in Resources */,
				055DC38B22206BF500C9F916 /* Main.storyboard in Resources */,
			);
			runOnlyForDeploymentPostprocessing = 0;
		};
/* End PBXResourcesBuildPhase section */

/* Begin PBXShellScriptBuildPhase section */
		1C5A9D16F3628190AEA83066 /* [CP] Check Pods Manifest.lock */ = {
			isa = PBXShellScriptBuildPhase;
			buildActionMask = 2147483647;
			files = (
			);
			inputFileListPaths = (
			);
			inputPaths = (
				"${PODS_PODFILE_DIR_PATH}/Podfile.lock",
				"${PODS_ROOT}/Manifest.lock",
			);
			name = "[CP] Check Pods Manifest.lock";
			outputFileListPaths = (
			);
			outputPaths = (
				"$(DERIVED_FILE_DIR)/Pods-WA-checkManifestLockResult.txt",
			);
			runOnlyForDeploymentPostprocessing = 0;
			shellPath = /bin/sh;
			shellScript = "diff \"${PODS_PODFILE_DIR_PATH}/Podfile.lock\" \"${PODS_ROOT}/Manifest.lock\" > /dev/null\nif [ $? != 0 ] ; then\n    # print error to STDERR\n    echo \"error: The sandbox is not in sync with the Podfile.lock. Run 'pod install' or update your CocoaPods installation.\" >&2\n    exit 1\nfi\n# This output is used by Xcode 'outputs' to avoid re-running this script phase.\necho \"SUCCESS\" > \"${SCRIPT_OUTPUT_FILE_0}\"\n";
			showEnvVarsInLog = 0;
		};
		BB99AE4A9DA7880A141D2D7B /* [CP] Embed Pods Frameworks */ = {
			isa = PBXShellScriptBuildPhase;
			buildActionMask = 2147483647;
			files = (
			);
			inputFileListPaths = (
			);
			inputPaths = (
				"${SRCROOT}/Pods/Target Support Files/Pods-WA/Pods-WA-frameworks.sh",
				"${BUILT_PRODUCTS_DIR}/Alamofire/Alamofire.framework",
				"${BUILT_PRODUCTS_DIR}/AlamofireObjectMapper/AlamofireObjectMapper.framework",
				"${BUILT_PRODUCTS_DIR}/Kingfisher/Kingfisher.framework",
				"${BUILT_PRODUCTS_DIR}/MarqueeLabel/MarqueeLabel.framework",
				"${BUILT_PRODUCTS_DIR}/NotificationBannerSwift/NotificationBannerSwift.framework",
				"${BUILT_PRODUCTS_DIR}/ObjectMapper/ObjectMapper.framework",
				"${BUILT_PRODUCTS_DIR}/RxAtomic/RxAtomic.framework",
				"${BUILT_PRODUCTS_DIR}/RxSwift/RxSwift.framework",
				"${BUILT_PRODUCTS_DIR}/SVProgressHUD/SVProgressHUD.framework",
				"${BUILT_PRODUCTS_DIR}/SnapKit/SnapKit.framework",
				"${BUILT_PRODUCTS_DIR}/SwiftyJSON/SwiftyJSON.framework",
			);
			name = "[CP] Embed Pods Frameworks";
			outputFileListPaths = (
			);
			outputPaths = (
				"${TARGET_BUILD_DIR}/${FRAMEWORKS_FOLDER_PATH}/Alamofire.framework",
				"${TARGET_BUILD_DIR}/${FRAMEWORKS_FOLDER_PATH}/AlamofireObjectMapper.framework",
				"${TARGET_BUILD_DIR}/${FRAMEWORKS_FOLDER_PATH}/Kingfisher.framework",
				"${TARGET_BUILD_DIR}/${FRAMEWORKS_FOLDER_PATH}/MarqueeLabel.framework",
				"${TARGET_BUILD_DIR}/${FRAMEWORKS_FOLDER_PATH}/NotificationBannerSwift.framework",
				"${TARGET_BUILD_DIR}/${FRAMEWORKS_FOLDER_PATH}/ObjectMapper.framework",
				"${TARGET_BUILD_DIR}/${FRAMEWORKS_FOLDER_PATH}/RxAtomic.framework",
				"${TARGET_BUILD_DIR}/${FRAMEWORKS_FOLDER_PATH}/RxSwift.framework",
				"${TARGET_BUILD_DIR}/${FRAMEWORKS_FOLDER_PATH}/SVProgressHUD.framework",
				"${TARGET_BUILD_DIR}/${FRAMEWORKS_FOLDER_PATH}/SnapKit.framework",
				"${TARGET_BUILD_DIR}/${FRAMEWORKS_FOLDER_PATH}/SwiftyJSON.framework",
			);
			runOnlyForDeploymentPostprocessing = 0;
			shellPath = /bin/sh;
			shellScript = "\"${SRCROOT}/Pods/Target Support Files/Pods-WA/Pods-WA-frameworks.sh\"\n";
			showEnvVarsInLog = 0;
		};
/* End PBXShellScriptBuildPhase section */

/* Begin PBXSourcesBuildPhase section */
		055DC37E22206BF500C9F916 /* Sources */ = {
			isa = PBXSourcesBuildPhase;
			buildActionMask = 2147483647;
			files = (
				0529D6FA2222020B00EA4A49 /* APIHelper.swift in Sources */,
				0529D6FD2223372C00EA4A49 /* PageViewController.swift in Sources */,
				0529D6F32221F6D400EA4A49 /* APIManager.swift in Sources */,
				0529D6EC22206F5300EA4A49 /* Weather.swift in Sources */,
				0529D704222358C600EA4A49 /* ForecastCollectionViewCell.swift in Sources */,
				0529D6F02220754400EA4A49 /* DateExtension.swift in Sources */,
				0529D6F62221FAC800EA4A49 /* WeatherResponse.swift in Sources */,
				055DC38822206BF500C9F916 /* WeatherVC.swift in Sources */,
				055DC38622206BF500C9F916 /* AppDelegate.swift in Sources */,
				0529D70922236D1700EA4A49 /* InfoTableViewCell.swift in Sources */,
				0529D6E922206E3B00EA4A49 /* Config.swift in Sources */,
				0529D6F82222016B00EA4A49 /* Utils.swift in Sources */,
			);
			runOnlyForDeploymentPostprocessing = 0;
		};
/* End PBXSourcesBuildPhase section */

/* Begin PBXVariantGroup section */
		055DC38922206BF500C9F916 /* Main.storyboard */ = {
			isa = PBXVariantGroup;
			children = (
				055DC38A22206BF500C9F916 /* Base */,
			);
			name = Main.storyboard;
			sourceTree = "<group>";
		};
		055DC38E22206BF600C9F916 /* LaunchScreen.storyboard */ = {
			isa = PBXVariantGroup;
			children = (
				055DC38F22206BF600C9F916 /* Base */,
			);
			name = LaunchScreen.storyboard;
			sourceTree = "<group>";
		};
/* End PBXVariantGroup section */

/* Begin XCBuildConfiguration section */
		055DC39222206BF600C9F916 /* Debug */ = {
			isa = XCBuildConfiguration;
			buildSettings = {
				ALWAYS_SEARCH_USER_PATHS = NO;
				CLANG_ANALYZER_NONNULL = YES;
				CLANG_ANALYZER_NUMBER_OBJECT_CONVERSION = YES_AGGRESSIVE;
				CLANG_CXX_LANGUAGE_STANDARD = "gnu++14";
				CLANG_CXX_LIBRARY = "libc++";
				CLANG_ENABLE_MODULES = YES;
				CLANG_ENABLE_OBJC_ARC = YES;
				CLANG_ENABLE_OBJC_WEAK = YES;
				CLANG_WARN_BLOCK_CAPTURE_AUTORELEASING = YES;
				CLANG_WARN_BOOL_CONVERSION = YES;
				CLANG_WARN_COMMA = YES;
				CLANG_WARN_CONSTANT_CONVERSION = YES;
				CLANG_WARN_DEPRECATED_OBJC_IMPLEMENTATIONS = YES;
				CLANG_WARN_DIRECT_OBJC_ISA_USAGE = YES_ERROR;
				CLANG_WARN_DOCUMENTATION_COMMENTS = YES;
				CLANG_WARN_EMPTY_BODY = YES;
				CLANG_WARN_ENUM_CONVERSION = YES;
				CLANG_WARN_INFINITE_RECURSION = YES;
				CLANG_WARN_INT_CONVERSION = YES;
				CLANG_WARN_NON_LITERAL_NULL_CONVERSION = YES;
				CLANG_WARN_OBJC_IMPLICIT_RETAIN_SELF = YES;
				CLANG_WARN_OBJC_LITERAL_CONVERSION = YES;
				CLANG_WARN_OBJC_ROOT_CLASS = YES_ERROR;
				CLANG_WARN_RANGE_LOOP_ANALYSIS = YES;
				CLANG_WARN_STRICT_PROTOTYPES = YES;
				CLANG_WARN_SUSPICIOUS_MOVE = YES;
				CLANG_WARN_UNGUARDED_AVAILABILITY = YES_AGGRESSIVE;
				CLANG_WARN_UNREACHABLE_CODE = YES;
				CLANG_WARN__DUPLICATE_METHOD_MATCH = YES;
				CODE_SIGN_IDENTITY = "iPhone Developer";
				COPY_PHASE_STRIP = NO;
				DEBUG_INFORMATION_FORMAT = dwarf;
				ENABLE_STRICT_OBJC_MSGSEND = YES;
				ENABLE_TESTABILITY = YES;
				GCC_C_LANGUAGE_STANDARD = gnu11;
				GCC_DYNAMIC_NO_PIC = NO;
				GCC_NO_COMMON_BLOCKS = YES;
				GCC_OPTIMIZATION_LEVEL = 0;
				GCC_PREPROCESSOR_DEFINITIONS = (
					"DEBUG=1",
					"$(inherited)",
				);
				GCC_WARN_64_TO_32_BIT_CONVERSION = YES;
				GCC_WARN_ABOUT_RETURN_TYPE = YES_ERROR;
				GCC_WARN_UNDECLARED_SELECTOR = YES;
				GCC_WARN_UNINITIALIZED_AUTOS = YES_AGGRESSIVE;
				GCC_WARN_UNUSED_FUNCTION = YES;
				GCC_WARN_UNUSED_VARIABLE = YES;
				IPHONEOS_DEPLOYMENT_TARGET = 10.0;
				MTL_ENABLE_DEBUG_INFO = INCLUDE_SOURCE;
				MTL_FAST_MATH = YES;
				ONLY_ACTIVE_ARCH = YES;
				SDKROOT = iphoneos;
				SWIFT_ACTIVE_COMPILATION_CONDITIONS = DEBUG;
				SWIFT_OPTIMIZATION_LEVEL = "-Onone";
			};
			name = Debug;
		};
		055DC39322206BF600C9F916 /* Release */ = {
			isa = XCBuildConfiguration;
			buildSettings = {
				ALWAYS_SEARCH_USER_PATHS = NO;
				CLANG_ANALYZER_NONNULL = YES;
				CLANG_ANALYZER_NUMBER_OBJECT_CONVERSION = YES_AGGRESSIVE;
				CLANG_CXX_LANGUAGE_STANDARD = "gnu++14";
				CLANG_CXX_LIBRARY = "libc++";
				CLANG_ENABLE_MODULES = YES;
				CLANG_ENABLE_OBJC_ARC = YES;
				CLANG_ENABLE_OBJC_WEAK = YES;
				CLANG_WARN_BLOCK_CAPTURE_AUTORELEASING = YES;
				CLANG_WARN_BOOL_CONVERSION = YES;
				CLANG_WARN_COMMA = YES;
				CLANG_WARN_CONSTANT_CONVERSION = YES;
				CLANG_WARN_DEPRECATED_OBJC_IMPLEMENTATIONS = YES;
				CLANG_WARN_DIRECT_OBJC_ISA_USAGE = YES_ERROR;
				CLANG_WARN_DOCUMENTATION_COMMENTS = YES;
				CLANG_WARN_EMPTY_BODY = YES;
				CLANG_WARN_ENUM_CONVERSION = YES;
				CLANG_WARN_INFINITE_RECURSION = YES;
				CLANG_WARN_INT_CONVERSION = YES;
				CLANG_WARN_NON_LITERAL_NULL_CONVERSION = YES;
				CLANG_WARN_OBJC_IMPLICIT_RETAIN_SELF = YES;
				CLANG_WARN_OBJC_LITERAL_CONVERSION = YES;
				CLANG_WARN_OBJC_ROOT_CLASS = YES_ERROR;
				CLANG_WARN_RANGE_LOOP_ANALYSIS = YES;
				CLANG_WARN_STRICT_PROTOTYPES = YES;
				CLANG_WARN_SUSPICIOUS_MOVE = YES;
				CLANG_WARN_UNGUARDED_AVAILABILITY = YES_AGGRESSIVE;
				CLANG_WARN_UNREACHABLE_CODE = YES;
				CLANG_WARN__DUPLICATE_METHOD_MATCH = YES;
				CODE_SIGN_IDENTITY = "iPhone Developer";
				COPY_PHASE_STRIP = NO;
				DEBUG_INFORMATION_FORMAT = "dwarf-with-dsym";
				ENABLE_NS_ASSERTIONS = NO;
				ENABLE_STRICT_OBJC_MSGSEND = YES;
				GCC_C_LANGUAGE_STANDARD = gnu11;
				GCC_NO_COMMON_BLOCKS = YES;
				GCC_WARN_64_TO_32_BIT_CONVERSION = YES;
				GCC_WARN_ABOUT_RETURN_TYPE = YES_ERROR;
				GCC_WARN_UNDECLARED_SELECTOR = YES;
				GCC_WARN_UNINITIALIZED_AUTOS = YES_AGGRESSIVE;
				GCC_WARN_UNUSED_FUNCTION = YES;
				GCC_WARN_UNUSED_VARIABLE = YES;
				IPHONEOS_DEPLOYMENT_TARGET = 10.0;
				MTL_ENABLE_DEBUG_INFO = NO;
				MTL_FAST_MATH = YES;
				SDKROOT = iphoneos;
				SWIFT_COMPILATION_MODE = wholemodule;
				SWIFT_OPTIMIZATION_LEVEL = "-O";
				VALIDATE_PRODUCT = YES;
			};
			name = Release;
		};
		055DC39522206BF600C9F916 /* Debug */ = {
			isa = XCBuildConfiguration;
			baseConfigurationReference = CE0F444FBC5CA7B749233FCE /* Pods-WA.debug.xcconfig */;
			buildSettings = {
				ASSETCATALOG_COMPILER_APPICON_NAME = AppIcon;
				CODE_SIGN_STYLE = Automatic;
				DEVELOPMENT_TEAM = 5TGAJAQBBD;
				INFOPLIST_FILE = WA/Info.plist;
				LD_RUNPATH_SEARCH_PATHS = (
					"$(inherited)",
					"@executable_path/Frameworks",
				);
				PRODUCT_BUNDLE_IDENTIFIER = gamfsr.WA;
				PRODUCT_NAME = "$(TARGET_NAME)";
				SWIFT_VERSION = 4.0;
				TARGETED_DEVICE_FAMILY = "1,2";
			};
			name = Debug;
		};
		055DC39622206BF600C9F916 /* Release */ = {
			isa = XCBuildConfiguration;
			baseConfigurationReference = 7D8DD1DA7DB027DBC983FBA2 /* Pods-WA.release.xcconfig */;
			buildSettings = {
				ASSETCATALOG_COMPILER_APPICON_NAME = AppIcon;
				CODE_SIGN_STYLE = Automatic;
				DEVELOPMENT_TEAM = 5TGAJAQBBD;
				INFOPLIST_FILE = WA/Info.plist;
				LD_RUNPATH_SEARCH_PATHS = (
					"$(inherited)",
					"@executable_path/Frameworks",
				);
				PRODUCT_BUNDLE_IDENTIFIER = gamfsr.WA;
				PRODUCT_NAME = "$(TARGET_NAME)";
				SWIFT_VERSION = 4.0;
				TARGETED_DEVICE_FAMILY = "1,2";
			};
			name = Release;
		};
/* End XCBuildConfiguration section */

/* Begin XCConfigurationList section */
		055DC37D22206BF500C9F916 /* Build configuration list for PBXProject "WA" */ = {
			isa = XCConfigurationList;
			buildConfigurations = (
				055DC39222206BF600C9F916 /* Debug */,
				055DC39322206BF600C9F916 /* Release */,
			);
			defaultConfigurationIsVisible = 0;
			defaultConfigurationName = Release;
		};
		055DC39422206BF600C9F916 /* Build configuration list for PBXNativeTarget "WA" */ = {
			isa = XCConfigurationList;
			buildConfigurations = (
				055DC39522206BF600C9F916 /* Debug */,
				055DC39622206BF600C9F916 /* Release */,
			);
			defaultConfigurationIsVisible = 0;
			defaultConfigurationName = Release;
		};
/* End XCConfigurationList section */
	};
	rootObject = 055DC37A22206BF500C9F916 /* Project object */;
}
